
Microsoft Visual Studio Solution File, Format Version 12.00
# Visual Studio Version 17
VisualStudioVersion = 17.7.34031.279
MinimumVisualStudioVersion = 10.0.40219.1
Project("{9A19103F-16F7-4668-BE54-9A1E7A4F7556}") = "coursework", "coursework\coursework.csproj", "{0EA3CA6B-F850-4134-85EB-DE92B3058E06}"
EndProject
Project("{9A19103F-16F7-4668-BE54-9A1E7A4F7556}") = "model", "model\model.csproj", "{7558C691-4792-43B4-A69B-B78F89F53F09}"
EndProject
Project("{FAE04EC0-301F-11D3-BF4B-00C04F79EFBC}") = "BusinessLogicLayer", "BusinessLogicLayer\BusinessLogicLayer.csproj", "{375BFD0B-5063-4E17-93E2-60D6AECFE447}"
EndProject
Global
	GlobalSection(SolutionConfigurationPlatforms) = preSolution
		Debug|Any CPU = Debug|Any CPU
		Release|Any CPU = Release|Any CPU
	EndGlobalSection
	GlobalSection(ProjectConfigurationPlatforms) = postSolution
		{0EA3CA6B-F850-4134-85EB-DE92B3058E06}.Debug|Any CPU.ActiveCfg = Debug|Any CPU
		{0EA3CA6B-F850-4134-85EB-DE92B3058E06}.Debug|Any CPU.Build.0 = Debug|Any CPU
		{0EA3CA6B-F850-4134-85EB-DE92B3058E06}.Release|Any CPU.ActiveCfg = Release|Any CPU
		{0EA3CA6B-F850-4134-85EB-DE92B3058E06}.Release|Any CPU.Build.0 = Release|Any CPU
		{7558C691-4792-43B4-A69B-B78F89F53F09}.Debug|Any CPU.ActiveCfg = Debug|Any CPU
		{7558C691-4792-43B4-A69B-B78F89F53F09}.Debug|Any CPU.Build.0 = Debug|Any CPU
		{7558C691-4792-43B4-A69B-B78F89F53F09}.Release|Any CPU.ActiveCfg = Release|Any CPU
		{7558C691-4792-43B4-A69B-B78F89F53F09}.Release|Any CPU.Build.0 = Release|Any CPU
		{375BFD0B-5063-4E17-93E2-60D6AECFE447}.Debug|Any CPU.ActiveCfg = Debug|Any CPU
		{375BFD0B-5063-4E17-93E2-60D6AECFE447}.Debug|Any CPU.Build.0 = Debug|Any CPU
		{375BFD0B-5063-4E17-93E2-60D6AECFE447}.Release|Any CPU.ActiveCfg = Release|Any CPU
		{375BFD0B-5063-4E17-93E2-60D6AECFE447}.Release|Any CPU.Build.0 = Release|Any CPU
	EndGlobalSection
	GlobalSection(SolutionProperties) = preSolution
		HideSolutionNode = FALSE
	EndGlobalSection
	GlobalSection(ExtensibilityGlobals) = postSolution
		SolutionGuid = {4A64C097-ECC1-44F9-A59A-BC198FC0EBF5}
	EndGlobalSection
EndGlobal
